
Microsoft Visual Studio Solution File, Format Version 12.00
# Visual Studio 15
VisualStudioVersion = 15.0.27703.2035
MinimumVisualStudioVersion = 10.0.40219.1
Project("{888888A0-9F3D-457C-B088-3A5042F75D52}") = "Tic_Tac_Toe_Game.py", "Tic_Tac_Toe_Game.py\Tic_Tac_Toe_Game.py.pyproj", "{36D5A3C1-B370-4DBE-B138-F46F4F9CD163}"
EndProject
Global
	GlobalSection(SolutionConfigurationPlatforms) = preSolution
		Debug|Any CPU = Debug|Any CPU
		Release|Any CPU = Release|Any CPU
	EndGlobalSection
	GlobalSection(ProjectConfigurationPlatforms) = postSolution
		{36D5A3C1-B370-4DBE-B138-F46F4F9CD163}.Debug|Any CPU.ActiveCfg = Debug|Any CPU
		{36D5A3C1-B370-4DBE-B138-F46F4F9CD163}.Release|Any CPU.ActiveCfg = Release|Any CPU
	EndGlobalSection
	GlobalSection(SolutionProperties) = preSolution
		HideSolutionNode = FALSE
	EndGlobalSection
	GlobalSection(ExtensibilityGlobals) = postSolution
		SolutionGuid = {B70BB3D7-3365-4305-B9AC-EE9E84110BB4}
	EndGlobalSection
EndGlobal
